// !$*UTF8*$!
{
	archiveVersion = 1;
	classes = {
	};
	objectVersion = 46;
	objects = {

/* Begin PBXBuildFile section */
		CB542FE81C99B6BA00012B2F /* AppDelegate.swift in Sources */ = {isa = PBXBuildFile; fileRef = CB542FE71C99B6BA00012B2F /* AppDelegate.swift */; };
		CB542FEA1C99B6BA00012B2F /* OrgChartViewController.swift in Sources */ = {isa = PBXBuildFile; fileRef = CB542FE91C99B6BA00012B2F /* OrgChartViewController.swift */; };
		CB542FED1C99B6BA00012B2F /* Main.storyboard in Resources */ = {isa = PBXBuildFile; fileRef = CB542FEB1C99B6BA00012B2F /* Main.storyboard */; };
		CB542FEF1C99B6BA00012B2F /* Assets.xcassets in Resources */ = {isa = PBXBuildFile; fileRef = CB542FEE1C99B6BA00012B2F /* Assets.xcassets */; };
		CB542FF21C99B6BA00012B2F /* LaunchScreen.storyboard in Resources */ = {isa = PBXBuildFile; fileRef = CB542FF01C99B6BA00012B2F /* LaunchScreen.storyboard */; };
		CB542FFD1C99B6BA00012B2F /* OrgChartTests.swift in Sources */ = {isa = PBXBuildFile; fileRef = CB542FFC1C99B6BA00012B2F /* OrgChartTests.swift */; };
		CB5430081C99B6BA00012B2F /* OrgChartUITests.swift in Sources */ = {isa = PBXBuildFile; fileRef = CB5430071C99B6BA00012B2F /* OrgChartUITests.swift */; };
		CB5430161C99B81100012B2F /* OrgChartCell.swift in Sources */ = {isa = PBXBuildFile; fileRef = CB5430151C99B81100012B2F /* OrgChartCell.swift */; };
		CB5430181C99F33300012B2F /* OrgChartData.swift in Sources */ = {isa = PBXBuildFile; fileRef = CB5430171C99F33300012B2F /* OrgChartData.swift */; };
		CBBB5E0B1C9AE44100990B92 /* OrgChartView.swift in Sources */ = {isa = PBXBuildFile; fileRef = CBBB5E0A1C9AE44100990B92 /* OrgChartView.swift */; };
		CBBB5E221C9C79CF00990B92 /* OrgChart.json in Resources */ = {isa = PBXBuildFile; fileRef = CBBB5E211C9C79CF00990B92 /* OrgChart.json */; };
/* End PBXBuildFile section */

/* Begin PBXContainerItemProxy section */
		CB542FF91C99B6BA00012B2F /* PBXContainerItemProxy */ = {
			isa = PBXContainerItemProxy;
			containerPortal = CB542FDC1C99B6BA00012B2F /* Project object */;
			proxyType = 1;
			remoteGlobalIDString = CB542FE31C99B6BA00012B2F;
			remoteInfo = OrgChart;
		};
		CB5430041C99B6BA00012B2F /* PBXContainerItemProxy */ = {
			isa = PBXContainerItemProxy;
			containerPortal = CB542FDC1C99B6BA00012B2F /* Project object */;
			proxyType = 1;
			remoteGlobalIDString = CB542FE31C99B6BA00012B2F;
			remoteInfo = OrgChart;
		};
/* End PBXContainerItemProxy section */

/* Begin PBXFileReference section */
		CB1AF7D41E316BCE00F1E939 /* OrgChart.playground */ = {isa = PBXFileReference; lastKnownFileType = file.playground; name = OrgChart.playground; path = OrgChart/OrgChart.playground; sourceTree = "<group>"; xcLanguageSpecificationIdentifier = xcode.lang.swift; };
		CB542FE41C99B6BA00012B2F /* OrgChart.app */ = {isa = PBXFileReference; explicitFileType = wrapper.application; includeInIndex = 0; path = OrgChart.app; sourceTree = BUILT_PRODUCTS_DIR; };
		CB542FE71C99B6BA00012B2F /* AppDelegate.swift */ = {isa = PBXFileReference; lastKnownFileType = sourcecode.swift; path = AppDelegate.swift; sourceTree = "<group>"; };
		CB542FE91C99B6BA00012B2F /* OrgChartViewController.swift */ = {isa = PBXFileReference; lastKnownFileType = sourcecode.swift; path = OrgChartViewController.swift; sourceTree = "<group>"; };
		CB542FEC1C99B6BA00012B2F /* Base */ = {isa = PBXFileReference; lastKnownFileType = file.storyboard; name = Base; path = Base.lproj/Main.storyboard; sourceTree = "<group>"; };
		CB542FEE1C99B6BA00012B2F /* Assets.xcassets */ = {isa = PBXFileReference; lastKnownFileType = folder.assetcatalog; path = Assets.xcassets; sourceTree = "<group>"; };
		CB542FF11C99B6BA00012B2F /* Base */ = {isa = PBXFileReference; lastKnownFileType = file.storyboard; name = Base; path = Base.lproj/LaunchScreen.storyboard; sourceTree = "<group>"; };
		CB542FF31C99B6BA00012B2F /* Info.plist */ = {isa = PBXFileReference; lastKnownFileType = text.plist.xml; path = Info.plist; sourceTree = "<group>"; };
		CB542FF81C99B6BA00012B2F /* OrgChartTests.xctest */ = {isa = PBXFileReference; explicitFileType = wrapper.cfbundle; includeInIndex = 0; path = OrgChartTests.xctest; sourceTree = BUILT_PRODUCTS_DIR; };
		CB542FFC1C99B6BA00012B2F /* OrgChartTests.swift */ = {isa = PBXFileReference; lastKnownFileType = sourcecode.swift; path = OrgChartTests.swift; sourceTree = "<group>"; };
		CB542FFE1C99B6BA00012B2F /* Info.plist */ = {isa = PBXFileReference; lastKnownFileType = text.plist.xml; path = Info.plist; sourceTree = "<group>"; };
		CB5430031C99B6BA00012B2F /* OrgChartUITests.xctest */ = {isa = PBXFileReference; explicitFileType = wrapper.cfbundle; includeInIndex = 0; path = OrgChartUITests.xctest; sourceTree = BUILT_PRODUCTS_DIR; };
		CB5430071C99B6BA00012B2F /* OrgChartUITests.swift */ = {isa = PBXFileReference; lastKnownFileType = sourcecode.swift; path = OrgChartUITests.swift; sourceTree = "<group>"; };
		CB5430091C99B6BA00012B2F /* Info.plist */ = {isa = PBXFileReference; lastKnownFileType = text.plist.xml; path = Info.plist; sourceTree = "<group>"; };
		CB5430151C99B81100012B2F /* OrgChartCell.swift */ = {isa = PBXFileReference; fileEncoding = 4; lastKnownFileType = sourcecode.swift; path = OrgChartCell.swift; sourceTree = "<group>"; };
		CB5430171C99F33300012B2F /* OrgChartData.swift */ = {isa = PBXFileReference; fileEncoding = 4; lastKnownFileType = sourcecode.swift; path = OrgChartData.swift; sourceTree = "<group>"; };
		CBBB5E0A1C9AE44100990B92 /* OrgChartView.swift */ = {isa = PBXFileReference; fileEncoding = 4; lastKnownFileType = sourcecode.swift; path = OrgChartView.swift; sourceTree = "<group>"; };
		CBBB5E211C9C79CF00990B92 /* OrgChart.json */ = {isa = PBXFileReference; fileEncoding = 4; lastKnownFileType = text.json; name = OrgChart.json; path = Resources/OrgChart.json; sourceTree = SOURCE_ROOT; };
/* End PBXFileReference section */

/* Begin PBXFrameworksBuildPhase section */
		CB542FE11C99B6BA00012B2F /* Frameworks */ = {
			isa = PBXFrameworksBuildPhase;
			buildActionMask = 2147483647;
			files = (
			);
			runOnlyForDeploymentPostprocessing = 0;
		};
		CB542FF51C99B6BA00012B2F /* Frameworks */ = {
			isa = PBXFrameworksBuildPhase;
			buildActionMask = 2147483647;
			files = (
			);
			runOnlyForDeploymentPostprocessing = 0;
		};
		CB5430001C99B6BA00012B2F /* Frameworks */ = {
			isa = PBXFrameworksBuildPhase;
			buildActionMask = 2147483647;
			files = (
			);
			runOnlyForDeploymentPostprocessing = 0;
		};
/* End PBXFrameworksBuildPhase section */

/* Begin PBXGroup section */
		109592F81CA63BBD00B16769 /* Views */ = {
			isa = PBXGroup;
			children = (
				CB5430151C99B81100012B2F /* OrgChartCell.swift */,
				CBBB5E0A1C9AE44100990B92 /* OrgChartView.swift */,
			);
			name = Views;
			sourceTree = "<group>";
		};
		109592F91CA63BC500B16769 /* Controllers */ = {
			isa = PBXGroup;
			children = (
				CB542FE91C99B6BA00012B2F /* OrgChartViewController.swift */,
			);
			name = Controllers;
			sourceTree = "<group>";
		};
		109592FA1CA63BCD00B16769 /* Models */ = {
			isa = PBXGroup;
			children = (
				CB5430171C99F33300012B2F /* OrgChartData.swift */,
			);
			name = Models;
			sourceTree = "<group>";
		};
		CB542FDB1C99B6BA00012B2F = {
			isa = PBXGroup;
			children = (
				CB1AF7D41E316BCE00F1E939 /* OrgChart.playground */,
				CB542FE61C99B6BA00012B2F /* OrgChart */,
				CB542FFB1C99B6BA00012B2F /* OrgChartTests */,
				CB5430061C99B6BA00012B2F /* OrgChartUITests */,
				CB542FE51C99B6BA00012B2F /* Products */,
			);
			sourceTree = "<group>";
		};
		CB542FE51C99B6BA00012B2F /* Products */ = {
			isa = PBXGroup;
			children = (
				CB542FE41C99B6BA00012B2F /* OrgChart.app */,
				CB542FF81C99B6BA00012B2F /* OrgChartTests.xctest */,
				CB5430031C99B6BA00012B2F /* OrgChartUITests.xctest */,
			);
			name = Products;
			sourceTree = "<group>";
		};
		CB542FE61C99B6BA00012B2F /* OrgChart */ = {
			isa = PBXGroup;
			children = (
				CB542FE71C99B6BA00012B2F /* AppDelegate.swift */,
				109592F91CA63BC500B16769 /* Controllers */,
				109592F81CA63BBD00B16769 /* Views */,
				109592FA1CA63BCD00B16769 /* Models */,
				CBBB5E121C9C3F1A00990B92 /* Resources */,
				CB542FEE1C99B6BA00012B2F /* Assets.xcassets */,
				CB542FEB1C99B6BA00012B2F /* Main.storyboard */,
				CB542FF01C99B6BA00012B2F /* LaunchScreen.storyboard */,
				CB542FF31C99B6BA00012B2F /* Info.plist */,
			);
			path = OrgChart;
			sourceTree = "<group>";
		};
		CB542FFB1C99B6BA00012B2F /* OrgChartTests */ = {
			isa = PBXGroup;
			children = (
				CB542FFC1C99B6BA00012B2F /* OrgChartTests.swift */,
				CB542FFE1C99B6BA00012B2F /* Info.plist */,
			);
			path = OrgChartTests;
			sourceTree = "<group>";
		};
		CB5430061C99B6BA00012B2F /* OrgChartUITests */ = {
			isa = PBXGroup;
			children = (
				CB5430071C99B6BA00012B2F /* OrgChartUITests.swift */,
				CB5430091C99B6BA00012B2F /* Info.plist */,
			);
			path = OrgChartUITests;
			sourceTree = "<group>";
		};
		CBBB5E121C9C3F1A00990B92 /* Resources */ = {
			isa = PBXGroup;
			children = (
				CBBB5E211C9C79CF00990B92 /* OrgChart.json */,
			);
			name = Resources;
			sourceTree = "<group>";
		};
/* End PBXGroup section */

/* Begin PBXNativeTarget section */
		CB542FE31C99B6BA00012B2F /* OrgChart */ = {
			isa = PBXNativeTarget;
			buildConfigurationList = CB54300C1C99B6BA00012B2F /* Build configuration list for PBXNativeTarget "OrgChart" */;
			buildPhases = (
				CB542FE01C99B6BA00012B2F /* Sources */,
				CB542FE11C99B6BA00012B2F /* Frameworks */,
				CB542FE21C99B6BA00012B2F /* Resources */,
			);
			buildRules = (
			);
			dependencies = (
			);
			name = OrgChart;
			productName = OrgChart;
			productReference = CB542FE41C99B6BA00012B2F /* OrgChart.app */;
			productType = "com.apple.product-type.application";
		};
		CB542FF71C99B6BA00012B2F /* OrgChartTests */ = {
			isa = PBXNativeTarget;
			buildConfigurationList = CB54300F1C99B6BA00012B2F /* Build configuration list for PBXNativeTarget "OrgChartTests" */;
			buildPhases = (
				CB542FF41C99B6BA00012B2F /* Sources */,
				CB542FF51C99B6BA00012B2F /* Frameworks */,
				CB542FF61C99B6BA00012B2F /* Resources */,
			);
			buildRules = (
			);
			dependencies = (
				CB542FFA1C99B6BA00012B2F /* PBXTargetDependency */,
			);
			name = OrgChartTests;
			productName = OrgChartTests;
			productReference = CB542FF81C99B6BA00012B2F /* OrgChartTests.xctest */;
			productType = "com.apple.product-type.bundle.unit-test";
		};
		CB5430021C99B6BA00012B2F /* OrgChartUITests */ = {
			isa = PBXNativeTarget;
			buildConfigurationList = CB5430121C99B6BA00012B2F /* Build configuration list for PBXNativeTarget "OrgChartUITests" */;
			buildPhases = (
				CB542FFF1C99B6BA00012B2F /* Sources */,
				CB5430001C99B6BA00012B2F /* Frameworks */,
				CB5430011C99B6BA00012B2F /* Resources */,
			);
			buildRules = (
			);
			dependencies = (
				CB5430051C99B6BA00012B2F /* PBXTargetDependency */,
			);
			name = OrgChartUITests;
			productName = OrgChartUITests;
			productReference = CB5430031C99B6BA00012B2F /* OrgChartUITests.xctest */;
			productType = "com.apple.product-type.bundle.ui-testing";
		};
/* End PBXNativeTarget section */

/* Begin PBXProject section */
		CB542FDC1C99B6BA00012B2F /* Project object */ = {
			isa = PBXProject;
			attributes = {
				LastSwiftUpdateCheck = 0720;
				LastUpgradeCheck = 1300;
				ORGANIZATIONNAME = "Park, Chanick";
				TargetAttributes = {
					CB542FE31C99B6BA00012B2F = {
						CreatedOnToolsVersion = 7.2.1;
						LastSwiftMigration = 0820;
					};
					CB542FF71C99B6BA00012B2F = {
						CreatedOnToolsVersion = 7.2.1;
						LastSwiftMigration = 0820;
						TestTargetID = CB542FE31C99B6BA00012B2F;
					};
					CB5430021C99B6BA00012B2F = {
						CreatedOnToolsVersion = 7.2.1;
						LastSwiftMigration = 0820;
						TestTargetID = CB542FE31C99B6BA00012B2F;
					};
				};
			};
			buildConfigurationList = CB542FDF1C99B6BA00012B2F /* Build configuration list for PBXProject "OrgChart" */;
			compatibilityVersion = "Xcode 3.2";
			developmentRegion = en;
			hasScannedForEncodings = 0;
			knownRegions = (
				en,
				Base,
			);
			mainGroup = CB542FDB1C99B6BA00012B2F;
			productRefGroup = CB542FE51C99B6BA00012B2F /* Products */;
			projectDirPath = "";
			projectRoot = "";
			targets = (
				CB542FE31C99B6BA00012B2F /* OrgChart */,
				CB542FF71C99B6BA00012B2F /* OrgChartTests */,
				CB5430021C99B6BA00012B2F /* OrgChartUITests */,
			);
		};
/* End PBXProject section */

/* Begin PBXResourcesBuildPhase section */
		CB542FE21C99B6BA00012B2F /* Resources */ = {
			isa = PBXResourcesBuildPhase;
			buildActionMask = 2147483647;
			files = (
				CB542FF21C99B6BA00012B2F /* LaunchScreen.storyboard in Resources */,
				CB542FEF1C99B6BA00012B2F /* Assets.xcassets in Resources */,
				CB542FED1C99B6BA00012B2F /* Main.storyboard in Resources */,
				CBBB5E221C9C79CF00990B92 /* OrgChart.json in Resources */,
			);
			runOnlyForDeploymentPostprocessing = 0;
		};
		CB542FF61C99B6BA00012B2F /* Resources */ = {
			isa = PBXResourcesBuildPhase;
			buildActionMask = 2147483647;
			files = (
			);
			runOnlyForDeploymentPostprocessing = 0;
		};
		CB5430011C99B6BA00012B2F /* Resources */ = {
			isa = PBXResourcesBuildPhase;
			buildActionMask = 2147483647;
			files = (
			);
			runOnlyForDeploymentPostprocessing = 0;
		};
/* End PBXResourcesBuildPhase section */

/* Begin PBXSourcesBuildPhase section */
		CB542FE01C99B6BA00012B2F /* Sources */ = {
			isa = PBXSourcesBuildPhase;
			buildActionMask = 2147483647;
			files = (
				CB5430181C99F33300012B2F /* OrgChartData.swift in Sources */,
				CB542FEA1C99B6BA00012B2F /* OrgChartViewController.swift in Sources */,
				CB5430161C99B81100012B2F /* OrgChartCell.swift in Sources */,
				CBBB5E0B1C9AE44100990B92 /* OrgChartView.swift in Sources */,
				CB542FE81C99B6BA00012B2F /* AppDelegate.swift in Sources */,
			);
			runOnlyForDeploymentPostprocessing = 0;
		};
		CB542FF41C99B6BA00012B2F /* Sources */ = {
			isa = PBXSourcesBuildPhase;
			buildActionMask = 2147483647;
			files = (
				CB542FFD1C99B6BA00012B2F /* OrgChartTests.swift in Sources */,
			);
			runOnlyForDeploymentPostprocessing = 0;
		};
		CB542FFF1C99B6BA00012B2F /* Sources */ = {
			isa = PBXSourcesBuildPhase;
			buildActionMask = 2147483647;
			files = (
				CB5430081C99B6BA00012B2F /* OrgChartUITests.swift in Sources */,
			);
			runOnlyForDeploymentPostprocessing = 0;
		};
/* End PBXSourcesBuildPhase section */

/* Begin PBXTargetDependency section */
		CB542FFA1C99B6BA00012B2F /* PBXTargetDependency */ = {
			isa = PBXTargetDependency;
			target = CB542FE31C99B6BA00012B2F /* OrgChart */;
			targetProxy = CB542FF91C99B6BA00012B2F /* PBXContainerItemProxy */;
		};
		CB5430051C99B6BA00012B2F /* PBXTargetDependency */ = {
			isa = PBXTargetDependency;
			target = CB542FE31C99B6BA00012B2F /* OrgChart */;
			targetProxy = CB5430041C99B6BA00012B2F /* PBXContainerItemProxy */;
		};
/* End PBXTargetDependency section */

/* Begin PBXVariantGroup section */
		CB542FEB1C99B6BA00012B2F /* Main.storyboard */ = {
			isa = PBXVariantGroup;
			children = (
				CB542FEC1C99B6BA00012B2F /* Base */,
			);
			name = Main.storyboard;
			sourceTree = "<group>";
		};
		CB542FF01C99B6BA00012B2F /* LaunchScreen.storyboard */ = {
			isa = PBXVariantGroup;
			children = (
				CB542FF11C99B6BA00012B2F /* Base */,
			);
			name = LaunchScreen.storyboard;
			sourceTree = "<group>";
		};
/* End PBXVariantGroup section */

/* Begin XCBuildConfiguration section */
		CB54300A1C99B6BA00012B2F /* Debug */ = {
			isa = XCBuildConfiguration;
			buildSettings = {
				ALWAYS_SEARCH_USER_PATHS = NO;
				CLANG_ANALYZER_LOCALIZABILITY_NONLOCALIZED = YES;
				CLANG_CXX_LANGUAGE_STANDARD = "gnu++0x";
				CLANG_CXX_LIBRARY = "libc++";
				CLANG_ENABLE_MODULES = YES;
				CLANG_ENABLE_OBJC_ARC = YES;
				CLANG_WARN_BLOCK_CAPTURE_AUTORELEASING = YES;
				CLANG_WARN_BOOL_CONVERSION = YES;
				CLANG_WARN_COMMA = YES;
				CLANG_WARN_CONSTANT_CONVERSION = YES;
				CLANG_WARN_DEPRECATED_OBJC_IMPLEMENTATIONS = YES;
				CLANG_WARN_DIRECT_OBJC_ISA_USAGE = YES_ERROR;
				CLANG_WARN_EMPTY_BODY = YES;
				CLANG_WARN_ENUM_CONVERSION = YES;
				CLANG_WARN_INFINITE_RECURSION = YES;
				CLANG_WARN_INT_CONVERSION = YES;
				CLANG_WARN_NON_LITERAL_NULL_CONVERSION = YES;
				CLANG_WARN_OBJC_IMPLICIT_RETAIN_SELF = YES;
				CLANG_WARN_OBJC_LITERAL_CONVERSION = YES;
				CLANG_WARN_OBJC_ROOT_CLASS = YES_ERROR;
				CLANG_WARN_QUOTED_INCLUDE_IN_FRAMEWORK_HEADER = YES;
				CLANG_WARN_RANGE_LOOP_ANALYSIS = YES;
				CLANG_WARN_STRICT_PROTOTYPES = YES;
				CLANG_WARN_SUSPICIOUS_MOVE = YES;
				CLANG_WARN_UNREACHABLE_CODE = YES;
				CLANG_WARN__DUPLICATE_METHOD_MATCH = YES;
				"CODE_SIGN_IDENTITY[sdk=iphoneos*]" = "iPhone Developer";
				COPY_PHASE_STRIP = NO;
				DEBUG_INFORMATION_FORMAT = dwarf;
				ENABLE_STRICT_OBJC_MSGSEND = YES;
				ENABLE_TESTABILITY = YES;
				GCC_C_LANGUAGE_STANDARD = gnu99;
				GCC_DYNAMIC_NO_PIC = NO;
				GCC_NO_COMMON_BLOCKS = YES;
				GCC_OPTIMIZATION_LEVEL = 0;
				GCC_PREPROCESSOR_DEFINITIONS = (
					"DEBUG=1",
					"$(inherited)",
				);
				GCC_WARN_64_TO_32_BIT_CONVERSION = YES;
				GCC_WARN_ABOUT_RETURN_TYPE = YES_ERROR;
				GCC_WARN_UNDECLARED_SELECTOR = YES;
				GCC_WARN_UNINITIALIZED_AUTOS = YES_AGGRESSIVE;
				GCC_WARN_UNUSED_FUNCTION = YES;
				GCC_WARN_UNUSED_VARIABLE = YES;
				IPHONEOS_DEPLOYMENT_TARGET = 12.0;
				MTL_ENABLE_DEBUG_INFO = YES;
				ONLY_ACTIVE_ARCH = YES;
				SDKROOT = iphoneos;
				SWIFT_OPTIMIZATION_LEVEL = "-Onone";
				SWIFT_VERSION = 5.0;
				TARGETED_DEVICE_FAMILY = "1,2";
			};
			name = Debug;
		};
		CB54300B1C99B6BA00012B2F /* Release */ = {
			isa = XCBuildConfiguration;
			buildSettings = {
				ALWAYS_SEARCH_USER_PATHS = NO;
				CLANG_ANALYZER_LOCALIZABILITY_NONLOCALIZED = YES;
				CLANG_CXX_LANGUAGE_STANDARD = "gnu++0x";
				CLANG_CXX_LIBRARY = "libc++";
				CLANG_ENABLE_MODULES = YES;
				CLANG_ENABLE_OBJC_ARC = YES;
				CLANG_WARN_BLOCK_CAPTURE_AUTORELEASING = YES;
				CLANG_WARN_BOOL_CONVERSION = YES;
				CLANG_WARN_COMMA = YES;
				CLANG_WARN_CONSTANT_CONVERSION = YES;
				CLANG_WARN_DEPRECATED_OBJC_IMPLEMENTATIONS = YES;
				CLANG_WARN_DIRECT_OBJC_ISA_USAGE = YES_ERROR;
				CLANG_WARN_EMPTY_BODY = YES;
				CLANG_WARN_ENUM_CONVERSION = YES;
				CLANG_WARN_INFINITE_RECURSION = YES;
				CLANG_WARN_INT_CONVERSION = YES;
				CLANG_WARN_NON_LITERAL_NULL_CONVERSION = YES;
				CLANG_WARN_OBJC_IMPLICIT_RETAIN_SELF = YES;
				CLANG_WARN_OBJC_LITERAL_CONVERSION = YES;
				CLANG_WARN_OBJC_ROOT_CLASS = YES_ERROR;
				CLANG_WARN_QUOTED_INCLUDE_IN_FRAMEWORK_HEADER = YES;
				CLANG_WARN_RANGE_LOOP_ANALYSIS = YES;
				CLANG_WARN_STRICT_PROTOTYPES = YES;
				CLANG_WARN_SUSPICIOUS_MOVE = YES;
				CLANG_WARN_UNREACHABLE_CODE = YES;
				CLANG_WARN__DUPLICATE_METHOD_MATCH = YES;
				"CODE_SIGN_IDENTITY[sdk=iphoneos*]" = "iPhone Developer";
				COPY_PHASE_STRIP = NO;
				DEBUG_INFORMATION_FORMAT = "dwarf-with-dsym";
				ENABLE_NS_ASSERTIONS = NO;
				ENABLE_STRICT_OBJC_MSGSEND = YES;
				GCC_C_LANGUAGE_STANDARD = gnu99;
				GCC_NO_COMMON_BLOCKS = YES;
				GCC_WARN_64_TO_32_BIT_CONVERSION = YES;
				GCC_WARN_ABOUT_RETURN_TYPE = YES_ERROR;
				GCC_WARN_UNDECLARED_SELECTOR = YES;
				GCC_WARN_UNINITIALIZED_AUTOS = YES_AGGRESSIVE;
				GCC_WARN_UNUSED_FUNCTION = YES;
				GCC_WARN_UNUSED_VARIABLE = YES;
				IPHONEOS_DEPLOYMENT_TARGET = 12.0;
				MTL_ENABLE_DEBUG_INFO = NO;
				SDKROOT = iphoneos;
				SWIFT_OPTIMIZATION_LEVEL = "-Owholemodule";
				SWIFT_VERSION = 5.0;
				TARGETED_DEVICE_FAMILY = "1,2";
				VALIDATE_PRODUCT = YES;
			};
			name = Release;
		};
		CB54300D1C99B6BA00012B2F /* Debug */ = {
			isa = XCBuildConfiguration;
			buildSettings = {
				ASSETCATALOG_COMPILER_APPICON_NAME = AppIcon;
				CURRENT_PROJECT_VERSION = 10100;
				INFOPLIST_FILE = OrgChart/Info.plist;
				IPHONEOS_DEPLOYMENT_TARGET = 12.0;
				LD_RUNPATH_SEARCH_PATHS = "$(inherited) @executable_path/Frameworks";
				MARKETING_VERSION = 1.01.00;
				PRODUCT_BUNDLE_IDENTIFIER = com.chanickpark.orgchart;
				PRODUCT_NAME = "$(TARGET_NAME)";
				SWIFT_VERSION = 5.0;
			};
			name = Debug;
		};
		CB54300E1C99B6BA00012B2F /* Release */ = {
			isa = XCBuildConfiguration;
			buildSettings = {
				ASSETCATALOG_COMPILER_APPICON_NAME = AppIcon;
				CURRENT_PROJECT_VERSION = 10100;
				INFOPLIST_FILE = OrgChart/Info.plist;
				IPHONEOS_DEPLOYMENT_TARGET = 12.0;
				LD_RUNPATH_SEARCH_PATHS = "$(inherited) @executable_path/Frameworks";
				MARKETING_VERSION = 1.01.00;
				PRODUCT_BUNDLE_IDENTIFIER = com.chanickpark.orgchart;
				PRODUCT_NAME = "$(TARGET_NAME)";
				SWIFT_VERSION = 5.0;
			};
			name = Release;
		};
		CB5430101C99B6BA00012B2F /* Debug */ = {
			isa = XCBuildConfiguration;
			buildSettings = {
				BUNDLE_LOADER = "$(TEST_HOST)";
				INFOPLIST_FILE = OrgChartTests/Info.plist;
				LD_RUNPATH_SEARCH_PATHS = "$(inherited) @executable_path/Frameworks @loader_path/Frameworks";
				PRODUCT_BUNDLE_IDENTIFIER = optionsgroup.OrgChartTests;
				PRODUCT_NAME = "$(TARGET_NAME)";
				SWIFT_VERSION = 3.0;
				TEST_HOST = "$(BUILT_PRODUCTS_DIR)/OrgChart.app/OrgChart";
			};
			name = Debug;
		};
		CB5430111C99B6BA00012B2F /* Release */ = {
			isa = XCBuildConfiguration;
			buildSettings = {
				BUNDLE_LOADER = "$(TEST_HOST)";
				INFOPLIST_FILE = OrgChartTests/Info.plist;
				LD_RUNPATH_SEARCH_PATHS = "$(inherited) @executable_path/Frameworks @loader_path/Frameworks";
				PRODUCT_BUNDLE_IDENTIFIER = optionsgroup.OrgChartTests;
				PRODUCT_NAME = "$(TARGET_NAME)";
				SWIFT_VERSION = 3.0;
				TEST_HOST = "$(BUILT_PRODUCTS_DIR)/OrgChart.app/OrgChart";
			};
			name = Release;
		};
		CB5430131C99B6BA00012B2F /* Debug */ = {
			isa = XCBuildConfiguration;
			buildSettings = {
				INFOPLIST_FILE = OrgChartUITests/Info.plist;
				LD_RUNPATH_SEARCH_PATHS = "$(inherited) @executable_path/Frameworks @loader_path/Frameworks";
				PRODUCT_BUNDLE_IDENTIFIER = optionsgroup.OrgChartUITests;
				PRODUCT_NAME = "$(TARGET_NAME)";
				SWIFT_VERSION = 3.0;
				TEST_TARGET_NAME = OrgChart;
				USES_XCTRUNNER = YES;
			};
			name = Debug;
		};
		CB5430141C99B6BA00012B2F /* Release */ = {
			isa = XCBuildConfiguration;
			buildSettings = {
				INFOPLIST_FILE = OrgChartUITests/Info.plist;
				LD_RUNPATH_SEARCH_PATHS = "$(inherited) @executable_path/Frameworks @loader_path/Frameworks";
				PRODUCT_BUNDLE_IDENTIFIER = optionsgroup.OrgChartUITests;
				PRODUCT_NAME = "$(TARGET_NAME)";
				SWIFT_VERSION = 3.0;
				TEST_TARGET_NAME = OrgChart;
				USES_XCTRUNNER = YES;
			};
			name = Release;
		};
/* End XCBuildConfiguration section */

/* Begin XCConfigurationList section */
		CB542FDF1C99B6BA00012B2F /* Build configuration list for PBXProject "OrgChart" */ = {
			isa = XCConfigurationList;
			buildConfigurations = (
				CB54300A1C99B6BA00012B2F /* Debug */,
				CB54300B1C99B6BA00012B2F /* Release */,
			);
			defaultConfigurationIsVisible = 0;
			defaultConfigurationName = Release;
		};
		CB54300C1C99B6BA00012B2F /* Build configuration list for PBXNativeTarget "OrgChart" */ = {
			isa = XCConfigurationList;
			buildConfigurations = (
				CB54300D1C99B6BA00012B2F /* Debug */,
				CB54300E1C99B6BA00012B2F /* Release */,
			);
			defaultConfigurationIsVisible = 0;
			defaultConfigurationName = Release;
		};
		CB54300F1C99B6BA00012B2F /* Build configuration list for PBXNativeTarget "OrgChartTests" */ = {
			isa = XCConfigurationList;
			buildConfigurations = (
				CB5430101C99B6BA00012B2F /* Debug */,
				CB5430111C99B6BA00012B2F /* Release */,
			);
			defaultConfigurationIsVisible = 0;
			defaultConfigurationName = Release;
		};
		CB5430121C99B6BA00012B2F /* Build configuration list for PBXNativeTarget "OrgChartUITests" */ = {
			isa = XCConfigurationList;
			buildConfigurations = (
				CB5430131C99B6BA00012B2F /* Debug */,
				CB5430141C99B6BA00012B2F /* Release */,
			);
			defaultConfigurationIsVisible = 0;
			defaultConfigurationName = Release;
		};
/* End XCConfigurationList section */
	};
	rootObject = CB542FDC1C99B6BA00012B2F /* Project object */;
}
